
Microsoft Visual Studio Solution File, Format Version 12.00
# Visual Studio Version 17
VisualStudioVersion = 17.10.34916.146
MinimumVisualStudioVersion = 10.0.40219.1
Project("{FAE04EC0-301F-11D3-BF4B-00C04F79EFBC}") = "BlogUNAH.API", "BlogUNAH.API\BlogUNAH.API.csproj", "{5370EC19-26AD-4D2D-AE15-F00F039070DD}"
EndProject
Global
	GlobalSection(SolutionConfigurationPlatforms) = preSolution
		Debug|Any CPU = Debug|Any CPU
		Release|Any CPU = Release|Any CPU
	EndGlobalSection
	GlobalSection(ProjectConfigurationPlatforms) = postSolution
		{5370EC19-26AD-4D2D-AE15-F00F039070DD}.Debug|Any CPU.ActiveCfg = Debug|Any CPU
		{5370EC19-26AD-4D2D-AE15-F00F039070DD}.Debug|Any CPU.Build.0 = Debug|Any CPU
		{5370EC19-26AD-4D2D-AE15-F00F039070DD}.Release|Any CPU.ActiveCfg = Release|Any CPU
		{5370EC19-26AD-4D2D-AE15-F00F039070DD}.Release|Any CPU.Build.0 = Release|Any CPU
	EndGlobalSection
	GlobalSection(SolutionProperties) = preSolution
		HideSolutionNode = FALSE
	EndGlobalSection
	GlobalSection(ExtensibilityGlobals) = postSolution
		SolutionGuid = {1ABA60BA-BF68-4ACA-A0C3-65DF11CAD259}
	EndGlobalSection
EndGlobal
